
Microsoft Visual Studio Solution File, Format Version 12.00
# Visual Studio Version 17
VisualStudioVersion = 17.8.34309.116
MinimumVisualStudioVersion = 10.0.40219.1
Project("{FAE04EC0-301F-11D3-BF4B-00C04F79EFBC}") = "Riode", "Riode\Riode.csproj", "{A84C3597-6598-4BEA-A606-DB0467A09ED6}"
EndProject
Global
	GlobalSection(SolutionConfigurationPlatforms) = preSolution
		Debug|Any CPU = Debug|Any CPU
		Release|Any CPU = Release|Any CPU
	EndGlobalSection
	GlobalSection(ProjectConfigurationPlatforms) = postSolution
		{A84C3597-6598-4BEA-A606-DB0467A09ED6}.Debug|Any CPU.ActiveCfg = Debug|Any CPU
		{A84C3597-6598-4BEA-A606-DB0467A09ED6}.Debug|Any CPU.Build.0 = Debug|Any CPU
		{A84C3597-6598-4BEA-A606-DB0467A09ED6}.Release|Any CPU.ActiveCfg = Release|Any CPU
		{A84C3597-6598-4BEA-A606-DB0467A09ED6}.Release|Any CPU.Build.0 = Release|Any CPU
	EndGlobalSection
	GlobalSection(SolutionProperties) = preSolution
		HideSolutionNode = FALSE
	EndGlobalSection
	GlobalSection(ExtensibilityGlobals) = postSolution
		SolutionGuid = {EE943726-7722-498A-B807-108C990AED4C}
	EndGlobalSection
EndGlobal
